
Microsoft Visual Studio Solution File, Format Version 12.00
# Visual Studio Version 17
VisualStudioVersion = 17.14.36414.22
MinimumVisualStudioVersion = 10.0.40219.1
Project("{FAE04EC0-301F-11D3-BF4B-00C04F79EFBC}") = "swiftcookapi", "swiftcookapi\swiftcookapi.csproj", "{F145064B-956E-E1CB-2D18-5FCDD52390CE}"
EndProject
Project("{FAE04EC0-301F-11D3-BF4B-00C04F79EFBC}") = "swiftcookdb", "swiftcookdb\swiftcookdb.csproj", "{AFDBBD91-0441-4AA6-81DF-8FA068028D18}"
EndProject
Project("{FAE04EC0-301F-11D3-BF4B-00C04F79EFBC}") = "SwiftCookImporter", "swiftcookimporter\SwiftCookImporter.csproj", "{F95016B4-269E-44F6-6618-A0BD00D60614}"
EndProject
Project("{54A90642-561A-4BB1-A94E-469ADEE60C69}") = "swiftcookui", "swiftcookui\swiftcookui.esproj", "{5F4DFD8F-6CD3-857D-DA81-4642C81952E1}"
EndProject
Global
	GlobalSection(SolutionConfigurationPlatforms) = preSolution
		Debug|Any CPU = Debug|Any CPU
		Release|Any CPU = Release|Any CPU
	EndGlobalSection
	GlobalSection(ProjectConfigurationPlatforms) = postSolution
		{F145064B-956E-E1CB-2D18-5FCDD52390CE}.Debug|Any CPU.ActiveCfg = Debug|Any CPU
		{F145064B-956E-E1CB-2D18-5FCDD52390CE}.Debug|Any CPU.Build.0 = Debug|Any CPU
		{F145064B-956E-E1CB-2D18-5FCDD52390CE}.Release|Any CPU.ActiveCfg = Release|Any CPU
		{F145064B-956E-E1CB-2D18-5FCDD52390CE}.Release|Any CPU.Build.0 = Release|Any CPU
		{AFDBBD91-0441-4AA6-81DF-8FA068028D18}.Debug|Any CPU.ActiveCfg = Debug|Any CPU
		{AFDBBD91-0441-4AA6-81DF-8FA068028D18}.Debug|Any CPU.Build.0 = Debug|Any CPU
		{AFDBBD91-0441-4AA6-81DF-8FA068028D18}.Release|Any CPU.ActiveCfg = Release|Any CPU
		{AFDBBD91-0441-4AA6-81DF-8FA068028D18}.Release|Any CPU.Build.0 = Release|Any CPU
		{F95016B4-269E-44F6-6618-A0BD00D60614}.Debug|Any CPU.ActiveCfg = Debug|Any CPU
		{F95016B4-269E-44F6-6618-A0BD00D60614}.Debug|Any CPU.Build.0 = Debug|Any CPU
		{F95016B4-269E-44F6-6618-A0BD00D60614}.Release|Any CPU.ActiveCfg = Release|Any CPU
		{F95016B4-269E-44F6-6618-A0BD00D60614}.Release|Any CPU.Build.0 = Release|Any CPU
		{5F4DFD8F-6CD3-857D-DA81-4642C81952E1}.Debug|Any CPU.ActiveCfg = Debug|Any CPU
		{5F4DFD8F-6CD3-857D-DA81-4642C81952E1}.Debug|Any CPU.Build.0 = Debug|Any CPU
		{5F4DFD8F-6CD3-857D-DA81-4642C81952E1}.Debug|Any CPU.Deploy.0 = Debug|Any CPU
		{5F4DFD8F-6CD3-857D-DA81-4642C81952E1}.Release|Any CPU.ActiveCfg = Release|Any CPU
		{5F4DFD8F-6CD3-857D-DA81-4642C81952E1}.Release|Any CPU.Build.0 = Release|Any CPU
		{5F4DFD8F-6CD3-857D-DA81-4642C81952E1}.Release|Any CPU.Deploy.0 = Release|Any CPU
	EndGlobalSection
	GlobalSection(SolutionProperties) = preSolution
		HideSolutionNode = FALSE
	EndGlobalSection
	GlobalSection(ExtensibilityGlobals) = postSolution
		SolutionGuid = {7D50A923-5633-429B-894A-2541F74CD5DD}
	EndGlobalSection
EndGlobal
